// !$*UTF8*$!
{
	archiveVersion = 1;
	classes = {
	};
	objectVersion = 50;
	objects = {

/* Begin PBXBuildFile section */
		BC3FFD3C298DF70B00FF0F44 /* AppDelegate.swift in Sources */ = {isa = PBXBuildFile; fileRef = BC3FFD3B298DF70B00FF0F44 /* AppDelegate.swift */; };
		BC3FFD3E298DF70B00FF0F44 /* SceneDelegate.swift in Sources */ = {isa = PBXBuildFile; fileRef = BC3FFD3D298DF70B00FF0F44 /* SceneDelegate.swift */; };
		BC3FFD40298DF70B00FF0F44 /* RMTabBarController.swift in Sources */ = {isa = PBXBuildFile; fileRef = BC3FFD3F298DF70B00FF0F44 /* RMTabBarController.swift */; };
		BC3FFD45298DF70D00FF0F44 /* Assets.xcassets in Resources */ = {isa = PBXBuildFile; fileRef = BC3FFD44298DF70D00FF0F44 /* Assets.xcassets */; };
		BC3FFD48298DF70D00FF0F44 /* LaunchScreen.storyboard in Resources */ = {isa = PBXBuildFile; fileRef = BC3FFD46298DF70D00FF0F44 /* LaunchScreen.storyboard */; };
		BC3FFD5B298DFB9000FF0F44 /* RMLocation.swift in Sources */ = {isa = PBXBuildFile; fileRef = BC3FFD5A298DFB9000FF0F44 /* RMLocation.swift */; };
		BC3FFD5E298DFBAB00FF0F44 /* RMCharacter.swift in Sources */ = {isa = PBXBuildFile; fileRef = BC3FFD5D298DFBAB00FF0F44 /* RMCharacter.swift */; };
		BC3FFD61298DFBCC00FF0F44 /* RMEpisode.swift in Sources */ = {isa = PBXBuildFile; fileRef = BC3FFD60298DFBCC00FF0F44 /* RMEpisode.swift */; };
		BC3FFD66298DFF3400FF0F44 /* RMCharacterViewController.swift in Sources */ = {isa = PBXBuildFile; fileRef = BC3FFD65298DFF3400FF0F44 /* RMCharacterViewController.swift */; };
		BC3FFD6A298DFF5400FF0F44 /* RMLocationViewController.swift in Sources */ = {isa = PBXBuildFile; fileRef = BC3FFD69298DFF5400FF0F44 /* RMLocationViewController.swift */; };
		BC3FFD6D298DFF6800FF0F44 /* RMEpisodeViewController.swift in Sources */ = {isa = PBXBuildFile; fileRef = BC3FFD6C298DFF6800FF0F44 /* RMEpisodeViewController.swift */; };
		BC3FFD70298DFF8600FF0F44 /* RMSettingsViewController.swift in Sources */ = {isa = PBXBuildFile; fileRef = BC3FFD6F298DFF8600FF0F44 /* RMSettingsViewController.swift */; };
/* End PBXBuildFile section */

/* Begin PBXFileReference section */
		BC3FFD38298DF70B00FF0F44 /* MyLocoApp.app */ = {isa = PBXFileReference; explicitFileType = wrapper.application; includeInIndex = 0; path = MyLocoApp.app; sourceTree = BUILT_PRODUCTS_DIR; };
		BC3FFD3B298DF70B00FF0F44 /* AppDelegate.swift */ = {isa = PBXFileReference; lastKnownFileType = sourcecode.swift; path = AppDelegate.swift; sourceTree = "<group>"; };
		BC3FFD3D298DF70B00FF0F44 /* SceneDelegate.swift */ = {isa = PBXFileReference; lastKnownFileType = sourcecode.swift; path = SceneDelegate.swift; sourceTree = "<group>"; };
		BC3FFD3F298DF70B00FF0F44 /* RMTabBarController.swift */ = {isa = PBXFileReference; lastKnownFileType = sourcecode.swift; path = RMTabBarController.swift; sourceTree = "<group>"; };
		BC3FFD44298DF70D00FF0F44 /* Assets.xcassets */ = {isa = PBXFileReference; lastKnownFileType = folder.assetcatalog; path = Assets.xcassets; sourceTree = "<group>"; };
		BC3FFD47298DF70D00FF0F44 /* Base */ = {isa = PBXFileReference; lastKnownFileType = file.storyboard; name = Base; path = Base.lproj/LaunchScreen.storyboard; sourceTree = "<group>"; };
		BC3FFD49298DF70D00FF0F44 /* Info.plist */ = {isa = PBXFileReference; lastKnownFileType = text.plist.xml; path = Info.plist; sourceTree = "<group>"; };
		BC3FFD5A298DFB9000FF0F44 /* RMLocation.swift */ = {isa = PBXFileReference; lastKnownFileType = sourcecode.swift; path = RMLocation.swift; sourceTree = "<group>"; };
		BC3FFD5D298DFBAB00FF0F44 /* RMCharacter.swift */ = {isa = PBXFileReference; lastKnownFileType = sourcecode.swift; path = RMCharacter.swift; sourceTree = "<group>"; };
		BC3FFD60298DFBCC00FF0F44 /* RMEpisode.swift */ = {isa = PBXFileReference; lastKnownFileType = sourcecode.swift; path = RMEpisode.swift; sourceTree = "<group>"; };
		BC3FFD65298DFF3400FF0F44 /* RMCharacterViewController.swift */ = {isa = PBXFileReference; lastKnownFileType = sourcecode.swift; path = RMCharacterViewController.swift; sourceTree = "<group>"; };
		BC3FFD69298DFF5400FF0F44 /* RMLocationViewController.swift */ = {isa = PBXFileReference; lastKnownFileType = sourcecode.swift; path = RMLocationViewController.swift; sourceTree = "<group>"; };
		BC3FFD6C298DFF6800FF0F44 /* RMEpisodeViewController.swift */ = {isa = PBXFileReference; lastKnownFileType = sourcecode.swift; path = RMEpisodeViewController.swift; sourceTree = "<group>"; };
		BC3FFD6F298DFF8600FF0F44 /* RMSettingsViewController.swift */ = {isa = PBXFileReference; lastKnownFileType = sourcecode.swift; path = RMSettingsViewController.swift; sourceTree = "<group>"; };
/* End PBXFileReference section */

/* Begin PBXFrameworksBuildPhase section */
		BC3FFD35298DF70B00FF0F44 /* Frameworks */ = {
			isa = PBXFrameworksBuildPhase;
			buildActionMask = 2147483647;
			files = (
			);
			runOnlyForDeploymentPostprocessing = 0;
		};
/* End PBXFrameworksBuildPhase section */

/* Begin PBXGroup section */
		BC3FFD2F298DF70B00FF0F44 = {
			isa = PBXGroup;
			children = (
				BC3FFD3A298DF70B00FF0F44 /* MyLocoApp */,
				BC3FFD39298DF70B00FF0F44 /* Products */,
			);
			sourceTree = "<group>";
		};
		BC3FFD39298DF70B00FF0F44 /* Products */ = {
			isa = PBXGroup;
			children = (
				BC3FFD38298DF70B00FF0F44 /* MyLocoApp.app */,
			);
			name = Products;
			sourceTree = "<group>";
		};
		BC3FFD3A298DF70B00FF0F44 /* MyLocoApp */ = {
			isa = PBXGroup;
			children = (
				BC3FFD58298DFAA200FF0F44 /* Resources */,
				BC3FFD57298DFA7F00FF0F44 /* Controllers */,
				BC3FFD56298DFA7000FF0F44 /* Views */,
				BC3FFD55298DFA6000FF0F44 /* ViewModels */,
				BC3FFD53298DFA2A00FF0F44 /* APIClient */,
				BC3FFD54298DFA3400FF0F44 /* Models */,
				BC3FFD52298DFA2100FF0F44 /* Manager */,
				BC3FFD49298DF70D00FF0F44 /* Info.plist */,
			);
			path = MyLocoApp;
			sourceTree = "<group>";
		};
		BC3FFD52298DFA2100FF0F44 /* Manager */ = {
			isa = PBXGroup;
			children = (
			);
			path = Manager;
			sourceTree = "<group>";
		};
		BC3FFD53298DFA2A00FF0F44 /* APIClient */ = {
			isa = PBXGroup;
			children = (
			);
			path = APIClient;
			sourceTree = "<group>";
		};
		BC3FFD54298DFA3400FF0F44 /* Models */ = {
			isa = PBXGroup;
			children = (
				BC3FFD5A298DFB9000FF0F44 /* RMLocation.swift */,
				BC3FFD5D298DFBAB00FF0F44 /* RMCharacter.swift */,
				BC3FFD60298DFBCC00FF0F44 /* RMEpisode.swift */,
			);
			path = Models;
			sourceTree = "<group>";
		};
		BC3FFD55298DFA6000FF0F44 /* ViewModels */ = {
			isa = PBXGroup;
			children = (
			);
			path = ViewModels;
			sourceTree = "<group>";
		};
		BC3FFD56298DFA7000FF0F44 /* Views */ = {
			isa = PBXGroup;
			children = (
			);
			path = Views;
			sourceTree = "<group>";
		};
		BC3FFD57298DFA7F00FF0F44 /* Controllers */ = {
			isa = PBXGroup;
			children = (
				BC3FFD64298DFC5D00FF0F44 /* Core */,
			);
			path = Controllers;
			sourceTree = "<group>";
		};
		BC3FFD58298DFAA200FF0F44 /* Resources */ = {
			isa = PBXGroup;
			children = (
				BC3FFD3B298DF70B00FF0F44 /* AppDelegate.swift */,
				BC3FFD44298DF70D00FF0F44 /* Assets.xcassets */,
				BC3FFD46298DF70D00FF0F44 /* LaunchScreen.storyboard */,
				BC3FFD3D298DF70B00FF0F44 /* SceneDelegate.swift */,
			);
			path = Resources;
			sourceTree = "<group>";
		};
		BC3FFD64298DFC5D00FF0F44 /* Core */ = {
			isa = PBXGroup;
			children = (
				BC3FFD3F298DF70B00FF0F44 /* RMTabBarController.swift */,
				BC3FFD65298DFF3400FF0F44 /* RMCharacterViewController.swift */,
				BC3FFD69298DFF5400FF0F44 /* RMLocationViewController.swift */,
				BC3FFD6C298DFF6800FF0F44 /* RMEpisodeViewController.swift */,
				BC3FFD6F298DFF8600FF0F44 /* RMSettingsViewController.swift */,
			);
			path = Core;
			sourceTree = "<group>";
		};
/* End PBXGroup section */

/* Begin PBXNativeTarget section */
		BC3FFD37298DF70B00FF0F44 /* MyLocoApp */ = {
			isa = PBXNativeTarget;
			buildConfigurationList = BC3FFD4C298DF70D00FF0F44 /* Build configuration list for PBXNativeTarget "MyLocoApp" */;
			buildPhases = (
				BC3FFD34298DF70B00FF0F44 /* Sources */,
				BC3FFD35298DF70B00FF0F44 /* Frameworks */,
				BC3FFD36298DF70B00FF0F44 /* Resources */,
			);
			buildRules = (
			);
			dependencies = (
			);
			name = MyLocoApp;
			productName = MyLocoApp;
			productReference = BC3FFD38298DF70B00FF0F44 /* MyLocoApp.app */;
			productType = "com.apple.product-type.application";
		};
/* End PBXNativeTarget section */

/* Begin PBXProject section */
		BC3FFD30298DF70B00FF0F44 /* Project object */ = {
			isa = PBXProject;
			attributes = {
				LastSwiftUpdateCheck = 1210;
				LastUpgradeCheck = 1210;
				TargetAttributes = {
					BC3FFD37298DF70B00FF0F44 = {
						CreatedOnToolsVersion = 12.1;
					};
				};
			};
			buildConfigurationList = BC3FFD33298DF70B00FF0F44 /* Build configuration list for PBXProject "MyLocoApp" */;
			compatibilityVersion = "Xcode 9.3";
			developmentRegion = en;
			hasScannedForEncodings = 0;
			knownRegions = (
				en,
				Base,
			);
			mainGroup = BC3FFD2F298DF70B00FF0F44;
			productRefGroup = BC3FFD39298DF70B00FF0F44 /* Products */;
			projectDirPath = "";
			projectRoot = "";
			targets = (
				BC3FFD37298DF70B00FF0F44 /* MyLocoApp */,
			);
		};
/* End PBXProject section */

/* Begin PBXResourcesBuildPhase section */
		BC3FFD36298DF70B00FF0F44 /* Resources */ = {
			isa = PBXResourcesBuildPhase;
			buildActionMask = 2147483647;
			files = (
				BC3FFD48298DF70D00FF0F44 /* LaunchScreen.storyboard in Resources */,
				BC3FFD45298DF70D00FF0F44 /* Assets.xcassets in Resources */,
			);
			runOnlyForDeploymentPostprocessing = 0;
		};
/* End PBXResourcesBuildPhase section */

/* Begin PBXSourcesBuildPhase section */
		BC3FFD34298DF70B00FF0F44 /* Sources */ = {
			isa = PBXSourcesBuildPhase;
			buildActionMask = 2147483647;
			files = (
				BC3FFD6A298DFF5400FF0F44 /* RMLocationViewController.swift in Sources */,
				BC3FFD61298DFBCC00FF0F44 /* RMEpisode.swift in Sources */,
				BC3FFD40298DF70B00FF0F44 /* RMTabBarController.swift in Sources */,
				BC3FFD6D298DFF6800FF0F44 /* RMEpisodeViewController.swift in Sources */,
				BC3FFD3C298DF70B00FF0F44 /* AppDelegate.swift in Sources */,
				BC3FFD3E298DF70B00FF0F44 /* SceneDelegate.swift in Sources */,
				BC3FFD70298DFF8600FF0F44 /* RMSettingsViewController.swift in Sources */,
				BC3FFD5B298DFB9000FF0F44 /* RMLocation.swift in Sources */,
				BC3FFD5E298DFBAB00FF0F44 /* RMCharacter.swift in Sources */,
				BC3FFD66298DFF3400FF0F44 /* RMCharacterViewController.swift in Sources */,
			);
			runOnlyForDeploymentPostprocessing = 0;
		};
/* End PBXSourcesBuildPhase section */

/* Begin PBXVariantGroup section */
		BC3FFD46298DF70D00FF0F44 /* LaunchScreen.storyboard */ = {
			isa = PBXVariantGroup;
			children = (
				BC3FFD47298DF70D00FF0F44 /* Base */,
			);
			name = LaunchScreen.storyboard;
			sourceTree = "<group>";
		};
/* End PBXVariantGroup section */

/* Begin XCBuildConfiguration section */
		BC3FFD4A298DF70D00FF0F44 /* Debug */ = {
			isa = XCBuildConfiguration;
			buildSettings = {
				ALWAYS_SEARCH_USER_PATHS = NO;
				CLANG_ANALYZER_NONNULL = YES;
				CLANG_ANALYZER_NUMBER_OBJECT_CONVERSION = YES_AGGRESSIVE;
				CLANG_CXX_LANGUAGE_STANDARD = "gnu++14";
				CLANG_CXX_LIBRARY = "libc++";
				CLANG_ENABLE_MODULES = YES;
				CLANG_ENABLE_OBJC_ARC = YES;
				CLANG_ENABLE_OBJC_WEAK = YES;
				CLANG_WARN_BLOCK_CAPTURE_AUTORELEASING = YES;
				CLANG_WARN_BOOL_CONVERSION = YES;
				CLANG_WARN_COMMA = YES;
				CLANG_WARN_CONSTANT_CONVERSION = YES;
				CLANG_WARN_DEPRECATED_OBJC_IMPLEMENTATIONS = YES;
				CLANG_WARN_DIRECT_OBJC_ISA_USAGE = YES_ERROR;
				CLANG_WARN_DOCUMENTATION_COMMENTS = YES;
				CLANG_WARN_EMPTY_BODY = YES;
				CLANG_WARN_ENUM_CONVERSION = YES;
				CLANG_WARN_INFINITE_RECURSION = YES;
				CLANG_WARN_INT_CONVERSION = YES;
				CLANG_WARN_NON_LITERAL_NULL_CONVERSION = YES;
				CLANG_WARN_OBJC_IMPLICIT_RETAIN_SELF = YES;
				CLANG_WARN_OBJC_LITERAL_CONVERSION = YES;
				CLANG_WARN_OBJC_ROOT_CLASS = YES_ERROR;
				CLANG_WARN_QUOTED_INCLUDE_IN_FRAMEWORK_HEADER = YES;
				CLANG_WARN_RANGE_LOOP_ANALYSIS = YES;
				CLANG_WARN_STRICT_PROTOTYPES = YES;
				CLANG_WARN_SUSPICIOUS_MOVE = YES;
				CLANG_WARN_UNGUARDED_AVAILABILITY = YES_AGGRESSIVE;
				CLANG_WARN_UNREACHABLE_CODE = YES;
				CLANG_WARN__DUPLICATE_METHOD_MATCH = YES;
				COPY_PHASE_STRIP = NO;
				DEBUG_INFORMATION_FORMAT = dwarf;
				ENABLE_STRICT_OBJC_MSGSEND = YES;
				ENABLE_TESTABILITY = YES;
				GCC_C_LANGUAGE_STANDARD = gnu11;
				GCC_DYNAMIC_NO_PIC = NO;
				GCC_NO_COMMON_BLOCKS = YES;
				GCC_OPTIMIZATION_LEVEL = 0;
				GCC_PREPROCESSOR_DEFINITIONS = (
					"DEBUG=1",
					"$(inherited)",
				);
				GCC_WARN_64_TO_32_BIT_CONVERSION = YES;
				GCC_WARN_ABOUT_RETURN_TYPE = YES_ERROR;
				GCC_WARN_UNDECLARED_SELECTOR = YES;
				GCC_WARN_UNINITIALIZED_AUTOS = YES_AGGRESSIVE;
				GCC_WARN_UNUSED_FUNCTION = YES;
				GCC_WARN_UNUSED_VARIABLE = YES;
				IPHONEOS_DEPLOYMENT_TARGET = 14.1;
				MTL_ENABLE_DEBUG_INFO = INCLUDE_SOURCE;
				MTL_FAST_MATH = YES;
				ONLY_ACTIVE_ARCH = YES;
				SDKROOT = iphoneos;
				SWIFT_ACTIVE_COMPILATION_CONDITIONS = DEBUG;
				SWIFT_OPTIMIZATION_LEVEL = "-Onone";
			};
			name = Debug;
		};
		BC3FFD4B298DF70D00FF0F44 /* Release */ = {
			isa = XCBuildConfiguration;
			buildSettings = {
				ALWAYS_SEARCH_USER_PATHS = NO;
				CLANG_ANALYZER_NONNULL = YES;
				CLANG_ANALYZER_NUMBER_OBJECT_CONVERSION = YES_AGGRESSIVE;
				CLANG_CXX_LANGUAGE_STANDARD = "gnu++14";
				CLANG_CXX_LIBRARY = "libc++";
				CLANG_ENABLE_MODULES = YES;
				CLANG_ENABLE_OBJC_ARC = YES;
				CLANG_ENABLE_OBJC_WEAK = YES;
				CLANG_WARN_BLOCK_CAPTURE_AUTORELEASING = YES;
				CLANG_WARN_BOOL_CONVERSION = YES;
				CLANG_WARN_COMMA = YES;
				CLANG_WARN_CONSTANT_CONVERSION = YES;
				CLANG_WARN_DEPRECATED_OBJC_IMPLEMENTATIONS = YES;
				CLANG_WARN_DIRECT_OBJC_ISA_USAGE = YES_ERROR;
				CLANG_WARN_DOCUMENTATION_COMMENTS = YES;
				CLANG_WARN_EMPTY_BODY = YES;
				CLANG_WARN_ENUM_CONVERSION = YES;
				CLANG_WARN_INFINITE_RECURSION = YES;
				CLANG_WARN_INT_CONVERSION = YES;
				CLANG_WARN_NON_LITERAL_NULL_CONVERSION = YES;
				CLANG_WARN_OBJC_IMPLICIT_RETAIN_SELF = YES;
				CLANG_WARN_OBJC_LITERAL_CONVERSION = YES;
				CLANG_WARN_OBJC_ROOT_CLASS = YES_ERROR;
				CLANG_WARN_QUOTED_INCLUDE_IN_FRAMEWORK_HEADER = YES;
				CLANG_WARN_RANGE_LOOP_ANALYSIS = YES;
				CLANG_WARN_STRICT_PROTOTYPES = YES;
				CLANG_WARN_SUSPICIOUS_MOVE = YES;
				CLANG_WARN_UNGUARDED_AVAILABILITY = YES_AGGRESSIVE;
				CLANG_WARN_UNREACHABLE_CODE = YES;
				CLANG_WARN__DUPLICATE_METHOD_MATCH = YES;
				COPY_PHASE_STRIP = NO;
				DEBUG_INFORMATION_FORMAT = "dwarf-with-dsym";
				ENABLE_NS_ASSERTIONS = NO;
				ENABLE_STRICT_OBJC_MSGSEND = YES;
				GCC_C_LANGUAGE_STANDARD = gnu11;
				GCC_NO_COMMON_BLOCKS = YES;
				GCC_WARN_64_TO_32_BIT_CONVERSION = YES;
				GCC_WARN_ABOUT_RETURN_TYPE = YES_ERROR;
				GCC_WARN_UNDECLARED_SELECTOR = YES;
				GCC_WARN_UNINITIALIZED_AUTOS = YES_AGGRESSIVE;
				GCC_WARN_UNUSED_FUNCTION = YES;
				GCC_WARN_UNUSED_VARIABLE = YES;
				IPHONEOS_DEPLOYMENT_TARGET = 14.1;
				MTL_ENABLE_DEBUG_INFO = NO;
				MTL_FAST_MATH = YES;
				SDKROOT = iphoneos;
				SWIFT_COMPILATION_MODE = wholemodule;
				SWIFT_OPTIMIZATION_LEVEL = "-O";
				VALIDATE_PRODUCT = YES;
			};
			name = Release;
		};
		BC3FFD4D298DF70D00FF0F44 /* Debug */ = {
			isa = XCBuildConfiguration;
			buildSettings = {
				ASSETCATALOG_COMPILER_APPICON_NAME = AppIcon;
				ASSETCATALOG_COMPILER_GLOBAL_ACCENT_COLOR_NAME = AccentColor;
				CODE_SIGN_STYLE = Automatic;
				DEVELOPMENT_TEAM = 8R9MN7EWJ6;
				INFOPLIST_FILE = MyLocoApp/Info.plist;
				LD_RUNPATH_SEARCH_PATHS = (
					"$(inherited)",
					"@executable_path/Frameworks",
				);
				PRODUCT_BUNDLE_IDENTIFIER = com.MyLocoApp;
				PRODUCT_NAME = "$(TARGET_NAME)";
				SWIFT_VERSION = 5.0;
				TARGETED_DEVICE_FAMILY = "1,2";
			};
			name = Debug;
		};
		BC3FFD4E298DF70D00FF0F44 /* Release */ = {
			isa = XCBuildConfiguration;
			buildSettings = {
				ASSETCATALOG_COMPILER_APPICON_NAME = AppIcon;
				ASSETCATALOG_COMPILER_GLOBAL_ACCENT_COLOR_NAME = AccentColor;
				CODE_SIGN_STYLE = Automatic;
				DEVELOPMENT_TEAM = 8R9MN7EWJ6;
				INFOPLIST_FILE = MyLocoApp/Info.plist;
				LD_RUNPATH_SEARCH_PATHS = (
					"$(inherited)",
					"@executable_path/Frameworks",
				);
				PRODUCT_BUNDLE_IDENTIFIER = com.MyLocoApp;
				PRODUCT_NAME = "$(TARGET_NAME)";
				SWIFT_VERSION = 5.0;
				TARGETED_DEVICE_FAMILY = "1,2";
			};
			name = Release;
		};
/* End XCBuildConfiguration section */

/* Begin XCConfigurationList section */
		BC3FFD33298DF70B00FF0F44 /* Build configuration list for PBXProject "MyLocoApp" */ = {
			isa = XCConfigurationList;
			buildConfigurations = (
				BC3FFD4A298DF70D00FF0F44 /* Debug */,
				BC3FFD4B298DF70D00FF0F44 /* Release */,
			);
			defaultConfigurationIsVisible = 0;
			defaultConfigurationName = Release;
		};
		BC3FFD4C298DF70D00FF0F44 /* Build configuration list for PBXNativeTarget "MyLocoApp" */ = {
			isa = XCConfigurationList;
			buildConfigurations = (
				BC3FFD4D298DF70D00FF0F44 /* Debug */,
				BC3FFD4E298DF70D00FF0F44 /* Release */,
			);
			defaultConfigurationIsVisible = 0;
			defaultConfigurationName = Release;
		};
/* End XCConfigurationList section */
	};
	rootObject = BC3FFD30298DF70B00FF0F44 /* Project object */;
}
